
Microsoft Visual Studio Solution File, Format Version 12.00
# Visual Studio Version 17
VisualStudioVersion = 17.5.33516.290
MinimumVisualStudioVersion = 10.0.40219.1
Project("{9A19103F-16F7-4668-BE54-9A1E7A4F7556}") = "StudentManagement", "StudentManagement\StudentManagement.csproj", "{A2229A43-9851-4398-9099-BF53CA433141}"
EndProject
Project("{9A19103F-16F7-4668-BE54-9A1E7A4F7556}") = "StudentManagement.Models", "StudentManagement.Models\StudentManagement.Models.csproj", "{555E5A11-7757-4A16-8AB2-508472F8FF1A}"
EndProject
Project("{9A19103F-16F7-4668-BE54-9A1E7A4F7556}") = "StudentManagement.Services", "StudentManagement.Services\StudentManagement.Services.csproj", "{630C3FC7-01A0-4AC4-B950-EBC98BC8E9D5}"
EndProject
Project("{9A19103F-16F7-4668-BE54-9A1E7A4F7556}") = "StudentManagement.DataAccess", "StudentManagement.DataAccess\StudentManagement.DataAccess.csproj", "{00DA09AF-2122-4A66-A96A-2D3966CB63FE}"
EndProject
Global
	GlobalSection(SolutionConfigurationPlatforms) = preSolution
		Debug|Any CPU = Debug|Any CPU
		Release|Any CPU = Release|Any CPU
	EndGlobalSection
	GlobalSection(ProjectConfigurationPlatforms) = postSolution
		{A2229A43-9851-4398-9099-BF53CA433141}.Debug|Any CPU.ActiveCfg = Debug|Any CPU
		{A2229A43-9851-4398-9099-BF53CA433141}.Debug|Any CPU.Build.0 = Debug|Any CPU
		{A2229A43-9851-4398-9099-BF53CA433141}.Release|Any CPU.ActiveCfg = Release|Any CPU
		{A2229A43-9851-4398-9099-BF53CA433141}.Release|Any CPU.Build.0 = Release|Any CPU
		{555E5A11-7757-4A16-8AB2-508472F8FF1A}.Debug|Any CPU.ActiveCfg = Debug|Any CPU
		{555E5A11-7757-4A16-8AB2-508472F8FF1A}.Debug|Any CPU.Build.0 = Debug|Any CPU
		{555E5A11-7757-4A16-8AB2-508472F8FF1A}.Release|Any CPU.ActiveCfg = Release|Any CPU
		{555E5A11-7757-4A16-8AB2-508472F8FF1A}.Release|Any CPU.Build.0 = Release|Any CPU
		{630C3FC7-01A0-4AC4-B950-EBC98BC8E9D5}.Debug|Any CPU.ActiveCfg = Debug|Any CPU
		{630C3FC7-01A0-4AC4-B950-EBC98BC8E9D5}.Debug|Any CPU.Build.0 = Debug|Any CPU
		{630C3FC7-01A0-4AC4-B950-EBC98BC8E9D5}.Release|Any CPU.ActiveCfg = Release|Any CPU
		{630C3FC7-01A0-4AC4-B950-EBC98BC8E9D5}.Release|Any CPU.Build.0 = Release|Any CPU
		{00DA09AF-2122-4A66-A96A-2D3966CB63FE}.Debug|Any CPU.ActiveCfg = Debug|Any CPU
		{00DA09AF-2122-4A66-A96A-2D3966CB63FE}.Debug|Any CPU.Build.0 = Debug|Any CPU
		{00DA09AF-2122-4A66-A96A-2D3966CB63FE}.Release|Any CPU.ActiveCfg = Release|Any CPU
		{00DA09AF-2122-4A66-A96A-2D3966CB63FE}.Release|Any CPU.Build.0 = Release|Any CPU
	EndGlobalSection
	GlobalSection(SolutionProperties) = preSolution
		HideSolutionNode = FALSE
	EndGlobalSection
	GlobalSection(ExtensibilityGlobals) = postSolution
		SolutionGuid = {B3AC74C1-83F2-41C5-B5DE-8F26B12CDB35}
	EndGlobalSection
EndGlobal
